version = 1
revision = 3

[[package]]
name = "aiobotocore"
version = "3.7.0"
source = { registry = "https://pypi.org/simple" }
sdist = { url = "https://files.pythonhosted.org/packages/e7/75/42cce839c2ec263ff74b10b650fe36b066fbb124cbee6f247eac0983e1ab/aiobotocore-3.7.0.tar.gz", hash = "sha256:c64d871ed5491a6571948dd48eabd185b46c6c23b64e3afd0c059fc7593ada30", size = 127054 }
wheels = [
    { url = "https://files.pythonhosted.org/packages/90/5f/85535dfb3cfd6442d66d1df1694062c5d6df02f895329e7e120b2a3d2b8b/aiobotocore-3.7.0-py3-none-any.whl", hash = "sha256:680bde7c64679a821a9312641b759d9497f790ba8b2e88c6959e6273ee765b8e", size = 89539 },
]
